
Microsoft Visual Studio Solution File, Format Version 12.00
# Visual Studio Version 16
VisualStudioVersion = 16.0.31424.327
MinimumVisualStudioVersion = 10.0.40219.1
Project("{FAE04EC0-301F-11D3-BF4B-00C04F79EFBC}") = "MinMax", "MinMax.csproj", "{0C4010AB-F46F-487A-96C3-1C19F46AA85B}"
EndProject
Global
	GlobalSection(SolutionConfigurationPlatforms) = preSolution
		Debug|Any CPU = Debug|Any CPU
		Release|Any CPU = Release|Any CPU
	EndGlobalSection
	GlobalSection(ProjectConfigurationPlatforms) = postSolution
		{0C4010AB-F46F-487A-96C3-1C19F46AA85B}.Debug|Any CPU.ActiveCfg = Debug|Any CPU
		{0C4010AB-F46F-487A-96C3-1C19F46AA85B}.Debug|Any CPU.Build.0 = Debug|Any CPU
		{0C4010AB-F46F-487A-96C3-1C19F46AA85B}.Release|Any CPU.ActiveCfg = Release|Any CPU
		{0C4010AB-F46F-487A-96C3-1C19F46AA85B}.Release|Any CPU.Build.0 = Release|Any CPU
	EndGlobalSection
	GlobalSection(SolutionProperties) = preSolution
		HideSolutionNode = FALSE
	EndGlobalSection
	GlobalSection(ExtensibilityGlobals) = postSolution
		SolutionGuid = {F50619A9-3752-45F3-A669-C2AA812DA687}
	EndGlobalSection
EndGlobal
